// !$*UTF8*$!
{
	archiveVersion = 1;
	classes = {
	};
	objectVersion = 46;
	objects = {

/* Begin PBXBuildFile section */
		00EAB1D11915E1AC0028212D /* Cocoa.framework in Frameworks */ = {isa = PBXBuildFile; fileRef = 00EAB1D01915E1AC0028212D /* Cocoa.framework */; };
		00EAB1DB1915E1AC0028212D /* InfoPlist.strings in Resources */ = {isa = PBXBuildFile; fileRef = 00EAB1D91915E1AC0028212D /* InfoPlist.strings */; };
		00EAB1DD1915E1AC0028212D /* main.m in Sources */ = {isa = PBXBuildFile; fileRef = 00EAB1DC1915E1AC0028212D /* main.m */; };
		00EAB1E11915E1AC0028212D /* Credits.rtf in Resources */ = {isa = PBXBuildFile; fileRef = 00EAB1DF1915E1AC0028212D /* Credits.rtf */; };
		00EAB1E41915E1AC0028212D /* AppDelegate.m in Sources */ = {isa = PBXBuildFile; fileRef = 00EAB1E31915E1AC0028212D /* AppDelegate.m */; };
		00EAB1E71915E1AC0028212D /* MainMenu.xib in Resources */ = {isa = PBXBuildFile; fileRef = 00EAB1E51915E1AC0028212D /* MainMenu.xib */; };
		00EAB1E91915E1AC0028212D /* Images.xcassets in Resources */ = {isa = PBXBuildFile; fileRef = 00EAB1E81915E1AC0028212D /* Images.xcassets */; };
		00EAB1F01915E1AC0028212D /* XCTest.framework in Frameworks */ = {isa = PBXBuildFile; fileRef = 00EAB1EF1915E1AC0028212D /* XCTest.framework */; };
		00EAB1F11915E1AC0028212D /* Cocoa.framework in Frameworks */ = {isa = PBXBuildFile; fileRef = 00EAB1D01915E1AC0028212D /* Cocoa.framework */; };
		00EAB1F91915E1AC0028212D /* InfoPlist.strings in Resources */ = {isa = PBXBuildFile; fileRef = 00EAB1F71915E1AC0028212D /* InfoPlist.strings */; };
		00EAB1FB1915E1AC0028212D /* HHKBAssistantTests.m in Sources */ = {isa = PBXBuildFile; fileRef = 00EAB1FA1915E1AC0028212D /* HHKBAssistantTests.m */; };
/* End PBXBuildFile section */

/* Begin PBXContainerItemProxy section */
		00EAB1F21915E1AC0028212D /* PBXContainerItemProxy */ = {
			isa = PBXContainerItemProxy;
			containerPortal = 00EAB1C51915E1AC0028212D /* Project object */;
			proxyType = 1;
			remoteGlobalIDString = 00EAB1CC1915E1AC0028212D;
			remoteInfo = HHKBAssistant;
		};
/* End PBXContainerItemProxy section */

/* Begin PBXFileReference section */
		00EAB1CD1915E1AC0028212D /* HHKBAssistant.app */ = {isa = PBXFileReference; explicitFileType = wrapper.application; includeInIndex = 0; path = HHKBAssistant.app; sourceTree = BUILT_PRODUCTS_DIR; };
		00EAB1D01915E1AC0028212D /* Cocoa.framework */ = {isa = PBXFileReference; lastKnownFileType = wrapper.framework; name = Cocoa.framework; path = System/Library/Frameworks/Cocoa.framework; sourceTree = SDKROOT; };
		00EAB1D31915E1AC0028212D /* AppKit.framework */ = {isa = PBXFileReference; lastKnownFileType = wrapper.framework; name = AppKit.framework; path = System/Library/Frameworks/AppKit.framework; sourceTree = SDKROOT; };
		00EAB1D41915E1AC0028212D /* CoreData.framework */ = {isa = PBXFileReference; lastKnownFileType = wrapper.framework; name = CoreData.framework; path = System/Library/Frameworks/CoreData.framework; sourceTree = SDKROOT; };
		00EAB1D51915E1AC0028212D /* Foundation.framework */ = {isa = PBXFileReference; lastKnownFileType = wrapper.framework; name = Foundation.framework; path = System/Library/Frameworks/Foundation.framework; sourceTree = SDKROOT; };
		00EAB1D81915E1AC0028212D /* HHKBAssistant-Info.plist */ = {isa = PBXFileReference; lastKnownFileType = text.plist.xml; path = "HHKBAssistant-Info.plist"; sourceTree = "<group>"; };
		00EAB1DA1915E1AC0028212D /* en */ = {isa = PBXFileReference; lastKnownFileType = text.plist.strings; name = en; path = en.lproj/InfoPlist.strings; sourceTree = "<group>"; };
		00EAB1DC1915E1AC0028212D /* main.m */ = {isa = PBXFileReference; lastKnownFileType = sourcecode.c.objc; path = main.m; sourceTree = "<group>"; };
		00EAB1DE1915E1AC0028212D /* HHKBAssistant-Prefix.pch */ = {isa = PBXFileReference; lastKnownFileType = sourcecode.c.h; path = "HHKBAssistant-Prefix.pch"; sourceTree = "<group>"; };
		00EAB1E01915E1AC0028212D /* en */ = {isa = PBXFileReference; lastKnownFileType = text.rtf; name = en; path = en.lproj/Credits.rtf; sourceTree = "<group>"; };
		00EAB1E21915E1AC0028212D /* AppDelegate.h */ = {isa = PBXFileReference; lastKnownFileType = sourcecode.c.h; path = AppDelegate.h; sourceTree = "<group>"; };
		00EAB1E31915E1AC0028212D /* AppDelegate.m */ = {isa = PBXFileReference; lastKnownFileType = sourcecode.c.objc; path = AppDelegate.m; sourceTree = "<group>"; };
		00EAB1E61915E1AC0028212D /* Base */ = {isa = PBXFileReference; lastKnownFileType = file.xib; name = Base; path = Base.lproj/MainMenu.xib; sourceTree = "<group>"; };
		00EAB1E81915E1AC0028212D /* Images.xcassets */ = {isa = PBXFileReference; lastKnownFileType = folder.assetcatalog; path = Images.xcassets; sourceTree = "<group>"; };
		00EAB1EE1915E1AC0028212D /* HHKBAssistantTests.xctest */ = {isa = PBXFileReference; explicitFileType = wrapper.cfbundle; includeInIndex = 0; path = HHKBAssistantTests.xctest; sourceTree = BUILT_PRODUCTS_DIR; };
		00EAB1EF1915E1AC0028212D /* XCTest.framework */ = {isa = PBXFileReference; lastKnownFileType = wrapper.framework; name = XCTest.framework; path = Library/Frameworks/XCTest.framework; sourceTree = DEVELOPER_DIR; };
		00EAB1F61915E1AC0028212D /* HHKBAssistantTests-Info.plist */ = {isa = PBXFileReference; lastKnownFileType = text.plist.xml; path = "HHKBAssistantTests-Info.plist"; sourceTree = "<group>"; };
		00EAB1F81915E1AC0028212D /* en */ = {isa = PBXFileReference; lastKnownFileType = text.plist.strings; name = en; path = en.lproj/InfoPlist.strings; sourceTree = "<group>"; };
		00EAB1FA1915E1AC0028212D /* HHKBAssistantTests.m */ = {isa = PBXFileReference; lastKnownFileType = sourcecode.c.objc; path = HHKBAssistantTests.m; sourceTree = "<group>"; };
/* End PBXFileReference section */

/* Begin PBXFrameworksBuildPhase section */
		00EAB1CA1915E1AC0028212D /* Frameworks */ = {
			isa = PBXFrameworksBuildPhase;
			buildActionMask = 2147483647;
			files = (
				00EAB1D11915E1AC0028212D /* Cocoa.framework in Frameworks */,
			);
			runOnlyForDeploymentPostprocessing = 0;
		};
		00EAB1EB1915E1AC0028212D /* Frameworks */ = {
			isa = PBXFrameworksBuildPhase;
			buildActionMask = 2147483647;
			files = (
				00EAB1F11915E1AC0028212D /* Cocoa.framework in Frameworks */,
				00EAB1F01915E1AC0028212D /* XCTest.framework in Frameworks */,
			);
			runOnlyForDeploymentPostprocessing = 0;
		};
/* End PBXFrameworksBuildPhase section */

/* Begin PBXGroup section */
		00EAB1C41915E1AC0028212D = {
			isa = PBXGroup;
			children = (
				00EAB1D61915E1AC0028212D /* HHKBAssistant */,
				00EAB1F41915E1AC0028212D /* HHKBAssistantTests */,
				00EAB1CF1915E1AC0028212D /* Frameworks */,
				00EAB1CE1915E1AC0028212D /* Products */,
			);
			sourceTree = "<group>";
		};
		00EAB1CE1915E1AC0028212D /* Products */ = {
			isa = PBXGroup;
			children = (
				00EAB1CD1915E1AC0028212D /* HHKBAssistant.app */,
				00EAB1EE1915E1AC0028212D /* HHKBAssistantTests.xctest */,
			);
			name = Products;
			sourceTree = "<group>";
		};
		00EAB1CF1915E1AC0028212D /* Frameworks */ = {
			isa = PBXGroup;
			children = (
				00EAB1D01915E1AC0028212D /* Cocoa.framework */,
				00EAB1EF1915E1AC0028212D /* XCTest.framework */,
				00EAB1D21915E1AC0028212D /* Other Frameworks */,
			);
			name = Frameworks;
			sourceTree = "<group>";
		};
		00EAB1D21915E1AC0028212D /* Other Frameworks */ = {
			isa = PBXGroup;
			children = (
				00EAB1D31915E1AC0028212D /* AppKit.framework */,
				00EAB1D41915E1AC0028212D /* CoreData.framework */,
				00EAB1D51915E1AC0028212D /* Foundation.framework */,
			);
			name = "Other Frameworks";
			sourceTree = "<group>";
		};
		00EAB1D61915E1AC0028212D /* HHKBAssistant */ = {
			isa = PBXGroup;
			children = (
				00EAB1E21915E1AC0028212D /* AppDelegate.h */,
				00EAB1E31915E1AC0028212D /* AppDelegate.m */,
				00EAB1E51915E1AC0028212D /* MainMenu.xib */,
				00EAB1E81915E1AC0028212D /* Images.xcassets */,
				00EAB1D71915E1AC0028212D /* Supporting Files */,
			);
			path = HHKBAssistant;
			sourceTree = "<group>";
		};
		00EAB1D71915E1AC0028212D /* Supporting Files */ = {
			isa = PBXGroup;
			children = (
				00EAB1D81915E1AC0028212D /* HHKBAssistant-Info.plist */,
				00EAB1D91915E1AC0028212D /* InfoPlist.strings */,
				00EAB1DC1915E1AC0028212D /* main.m */,
				00EAB1DE1915E1AC0028212D /* HHKBAssistant-Prefix.pch */,
				00EAB1DF1915E1AC0028212D /* Credits.rtf */,
			);
			name = "Supporting Files";
			sourceTree = "<group>";
		};
		00EAB1F41915E1AC0028212D /* HHKBAssistantTests */ = {
			isa = PBXGroup;
			children = (
				00EAB1FA1915E1AC0028212D /* HHKBAssistantTests.m */,
				00EAB1F51915E1AC0028212D /* Supporting Files */,
			);
			path = HHKBAssistantTests;
			sourceTree = "<group>";
		};
		00EAB1F51915E1AC0028212D /* Supporting Files */ = {
			isa = PBXGroup;
			children = (
				00EAB1F61915E1AC0028212D /* HHKBAssistantTests-Info.plist */,
				00EAB1F71915E1AC0028212D /* InfoPlist.strings */,
			);
			name = "Supporting Files";
			sourceTree = "<group>";
		};
/* End PBXGroup section */

/* Begin PBXNativeTarget section */
		00EAB1CC1915E1AC0028212D /* HHKBAssistant */ = {
			isa = PBXNativeTarget;
			buildConfigurationList = 00EAB1FE1915E1AC0028212D /* Build configuration list for PBXNativeTarget "HHKBAssistant" */;
			buildPhases = (
				00EAB1C91915E1AC0028212D /* Sources */,
				00EAB1CA1915E1AC0028212D /* Frameworks */,
				00EAB1CB1915E1AC0028212D /* Resources */,
			);
			buildRules = (
			);
			dependencies = (
			);
			name = HHKBAssistant;
			productName = HHKBAssistant;
			productReference = 00EAB1CD1915E1AC0028212D /* HHKBAssistant.app */;
			productType = "com.apple.product-type.application";
		};
		00EAB1ED1915E1AC0028212D /* HHKBAssistantTests */ = {
			isa = PBXNativeTarget;
			buildConfigurationList = 00EAB2011915E1AC0028212D /* Build configuration list for PBXNativeTarget "HHKBAssistantTests" */;
			buildPhases = (
				00EAB1EA1915E1AC0028212D /* Sources */,
				00EAB1EB1915E1AC0028212D /* Frameworks */,
				00EAB1EC1915E1AC0028212D /* Resources */,
			);
			buildRules = (
			);
			dependencies = (
				00EAB1F31915E1AC0028212D /* PBXTargetDependency */,
			);
			name = HHKBAssistantTests;
			productName = HHKBAssistantTests;
			productReference = 00EAB1EE1915E1AC0028212D /* HHKBAssistantTests.xctest */;
			productType = "com.apple.product-type.bundle.unit-test";
		};
/* End PBXNativeTarget section */

/* Begin PBXProject section */
		00EAB1C51915E1AC0028212D /* Project object */ = {
			isa = PBXProject;
			attributes = {
				LastUpgradeCheck = 0510;
				ORGANIZATIONNAME = hanks;
				TargetAttributes = {
					00EAB1ED1915E1AC0028212D = {
						TestTargetID = 00EAB1CC1915E1AC0028212D;
					};
				};
			};
			buildConfigurationList = 00EAB1C81915E1AC0028212D /* Build configuration list for PBXProject "HHKBAssistant" */;
			compatibilityVersion = "Xcode 3.2";
			developmentRegion = English;
			hasScannedForEncodings = 0;
			knownRegions = (
				en,
				Base,
			);
			mainGroup = 00EAB1C41915E1AC0028212D;
			productRefGroup = 00EAB1CE1915E1AC0028212D /* Products */;
			projectDirPath = "";
			projectRoot = "";
			targets = (
				00EAB1CC1915E1AC0028212D /* HHKBAssistant */,
				00EAB1ED1915E1AC0028212D /* HHKBAssistantTests */,
			);
		};
/* End PBXProject section */

/* Begin PBXResourcesBuildPhase section */
		00EAB1CB1915E1AC0028212D /* Resources */ = {
			isa = PBXResourcesBuildPhase;
			buildActionMask = 2147483647;
			files = (
				00EAB1DB1915E1AC0028212D /* InfoPlist.strings in Resources */,
				00EAB1E91915E1AC0028212D /* Images.xcassets in Resources */,
				00EAB1E11915E1AC0028212D /* Credits.rtf in Resources */,
				00EAB1E71915E1AC0028212D /* MainMenu.xib in Resources */,
			);
			runOnlyForDeploymentPostprocessing = 0;
		};
		00EAB1EC1915E1AC0028212D /* Resources */ = {
			isa = PBXResourcesBuildPhase;
			buildActionMask = 2147483647;
			files = (
				00EAB1F91915E1AC0028212D /* InfoPlist.strings in Resources */,
			);
			runOnlyForDeploymentPostprocessing = 0;
		};
/* End PBXResourcesBuildPhase section */

/* Begin PBXSourcesBuildPhase section */
		00EAB1C91915E1AC0028212D /* Sources */ = {
			isa = PBXSourcesBuildPhase;
			buildActionMask = 2147483647;
			files = (
				00EAB1E41915E1AC0028212D /* AppDelegate.m in Sources */,
				00EAB1DD1915E1AC0028212D /* main.m in Sources */,
			);
			runOnlyForDeploymentPostprocessing = 0;
		};
		00EAB1EA1915E1AC0028212D /* Sources */ = {
			isa = PBXSourcesBuildPhase;
			buildActionMask = 2147483647;
			files = (
				00EAB1FB1915E1AC0028212D /* HHKBAssistantTests.m in Sources */,
			);
			runOnlyForDeploymentPostprocessing = 0;
		};
/* End PBXSourcesBuildPhase section */

/* Begin PBXTargetDependency section */
		00EAB1F31915E1AC0028212D /* PBXTargetDependency */ = {
			isa = PBXTargetDependency;
			target = 00EAB1CC1915E1AC0028212D /* HHKBAssistant */;
			targetProxy = 00EAB1F21915E1AC0028212D /* PBXContainerItemProxy */;
		};
/* End PBXTargetDependency section */

/* Begin PBXVariantGroup section */
		00EAB1D91915E1AC0028212D /* InfoPlist.strings */ = {
			isa = PBXVariantGroup;
			children = (
				00EAB1DA1915E1AC0028212D /* en */,
			);
			name = InfoPlist.strings;
			sourceTree = "<group>";
		};
		00EAB1DF1915E1AC0028212D /* Credits.rtf */ = {
			isa = PBXVariantGroup;
			children = (
				00EAB1E01915E1AC0028212D /* en */,
			);
			name = Credits.rtf;
			sourceTree = "<group>";
		};
		00EAB1E51915E1AC0028212D /* MainMenu.xib */ = {
			isa = PBXVariantGroup;
			children = (
				00EAB1E61915E1AC0028212D /* Base */,
			);
			name = MainMenu.xib;
			sourceTree = "<group>";
		};
		00EAB1F71915E1AC0028212D /* InfoPlist.strings */ = {
			isa = PBXVariantGroup;
			children = (
				00EAB1F81915E1AC0028212D /* en */,
			);
			name = InfoPlist.strings;
			sourceTree = "<group>";
		};
/* End PBXVariantGroup section */

/* Begin XCBuildConfiguration section */
		00EAB1FC1915E1AC0028212D /* Debug */ = {
			isa = XCBuildConfiguration;
			buildSettings = {
				ALWAYS_SEARCH_USER_PATHS = NO;
				CLANG_CXX_LANGUAGE_STANDARD = "gnu++0x";
				CLANG_CXX_LIBRARY = "libc++";
				CLANG_ENABLE_MODULES = YES;
				CLANG_ENABLE_OBJC_ARC = YES;
				CLANG_WARN_BOOL_CONVERSION = YES;
				CLANG_WARN_CONSTANT_CONVERSION = YES;
				CLANG_WARN_DIRECT_OBJC_ISA_USAGE = YES_ERROR;
				CLANG_WARN_EMPTY_BODY = YES;
				CLANG_WARN_ENUM_CONVERSION = YES;
				CLANG_WARN_INT_CONVERSION = YES;
				CLANG_WARN_OBJC_ROOT_CLASS = YES_ERROR;
				CLANG_WARN__DUPLICATE_METHOD_MATCH = YES;
				COPY_PHASE_STRIP = NO;
				GCC_C_LANGUAGE_STANDARD = gnu99;
				GCC_DYNAMIC_NO_PIC = NO;
				GCC_ENABLE_OBJC_EXCEPTIONS = YES;
				GCC_OPTIMIZATION_LEVEL = 0;
				GCC_PREPROCESSOR_DEFINITIONS = (
					"DEBUG=1",
					"$(inherited)",
				);
				GCC_SYMBOLS_PRIVATE_EXTERN = NO;
				GCC_WARN_64_TO_32_BIT_CONVERSION = YES;
				GCC_WARN_ABOUT_RETURN_TYPE = YES_ERROR;
				GCC_WARN_UNDECLARED_SELECTOR = YES;
				GCC_WARN_UNINITIALIZED_AUTOS = YES_AGGRESSIVE;
				GCC_WARN_UNUSED_FUNCTION = YES;
				GCC_WARN_UNUSED_VARIABLE = YES;
				MACOSX_DEPLOYMENT_TARGET = 10.8;
				ONLY_ACTIVE_ARCH = YES;
				SDKROOT = macosx;
			};
			name = Debug;
		};
		00EAB1FD1915E1AC0028212D /* Release */ = {
			isa = XCBuildConfiguration;
			buildSettings = {
				ALWAYS_SEARCH_USER_PATHS = NO;
				CLANG_CXX_LANGUAGE_STANDARD = "gnu++0x";
				CLANG_CXX_LIBRARY = "libc++";
				CLANG_ENABLE_MODULES = YES;
				CLANG_ENABLE_OBJC_ARC = YES;
				CLANG_WARN_BOOL_CONVERSION = YES;
				CLANG_WARN_CONSTANT_CONVERSION = YES;
				CLANG_WARN_DIRECT_OBJC_ISA_USAGE = YES_ERROR;
				CLANG_WARN_EMPTY_BODY = YES;
				CLANG_WARN_ENUM_CONVERSION = YES;
				CLANG_WARN_INT_CONVERSION = YES;
				CLANG_WARN_OBJC_ROOT_CLASS = YES_ERROR;
				CLANG_WARN__DUPLICATE_METHOD_MATCH = YES;
				COPY_PHASE_STRIP = YES;
				DEBUG_INFORMATION_FORMAT = "dwarf-with-dsym";
				ENABLE_NS_ASSERTIONS = NO;
				GCC_C_LANGUAGE_STANDARD = gnu99;
				GCC_ENABLE_OBJC_EXCEPTIONS = YES;
				GCC_WARN_64_TO_32_BIT_CONVERSION = YES;
				GCC_WARN_ABOUT_RETURN_TYPE = YES_ERROR;
				GCC_WARN_UNDECLARED_SELECTOR = YES;
				GCC_WARN_UNINITIALIZED_AUTOS = YES_AGGRESSIVE;
				GCC_WARN_UNUSED_FUNCTION = YES;
				GCC_WARN_UNUSED_VARIABLE = YES;
				MACOSX_DEPLOYMENT_TARGET = 10.8;
				SDKROOT = macosx;
			};
			name = Release;
		};
		00EAB1FF1915E1AC0028212D /* Debug */ = {
			isa = XCBuildConfiguration;
			buildSettings = {
				ASSETCATALOG_COMPILER_APPICON_NAME = AppIcon;
				COMBINE_HIDPI_IMAGES = YES;
				GCC_PRECOMPILE_PREFIX_HEADER = YES;
				GCC_PREFIX_HEADER = "HHKBAssistant/HHKBAssistant-Prefix.pch";
				INFOPLIST_FILE = "HHKBAssistant/HHKBAssistant-Info.plist";
				PRODUCT_NAME = "$(TARGET_NAME)";
				WRAPPER_EXTENSION = app;
			};
			name = Debug;
		};
		00EAB2001915E1AC0028212D /* Release */ = {
			isa = XCBuildConfiguration;
			buildSettings = {
				ASSETCATALOG_COMPILER_APPICON_NAME = AppIcon;
				COMBINE_HIDPI_IMAGES = YES;
				GCC_PRECOMPILE_PREFIX_HEADER = YES;
				GCC_PREFIX_HEADER = "HHKBAssistant/HHKBAssistant-Prefix.pch";
				INFOPLIST_FILE = "HHKBAssistant/HHKBAssistant-Info.plist";
				PRODUCT_NAME = "$(TARGET_NAME)";
				WRAPPER_EXTENSION = app;
			};
			name = Release;
		};
		00EAB2021915E1AC0028212D /* Debug */ = {
			isa = XCBuildConfiguration;
			buildSettings = {
				BUNDLE_LOADER = "$(BUILT_PRODUCTS_DIR)/HHKBAssistant.app/Contents/MacOS/HHKBAssistant";
				COMBINE_HIDPI_IMAGES = YES;
				FRAMEWORK_SEARCH_PATHS = (
					"$(DEVELOPER_FRAMEWORKS_DIR)",
					"$(inherited)",
				);
				GCC_PRECOMPILE_PREFIX_HEADER = YES;
				GCC_PREFIX_HEADER = "HHKBAssistant/HHKBAssistant-Prefix.pch";
				GCC_PREPROCESSOR_DEFINITIONS = (
					"DEBUG=1",
					"$(inherited)",
				);
				INFOPLIST_FILE = "HHKBAssistantTests/HHKBAssistantTests-Info.plist";
				PRODUCT_NAME = "$(TARGET_NAME)";
				TEST_HOST = "$(BUNDLE_LOADER)";
				WRAPPER_EXTENSION = xctest;
			};
			name = Debug;
		};
		00EAB2031915E1AC0028212D /* Release */ = {
			isa = XCBuildConfiguration;
			buildSettings = {
				BUNDLE_LOADER = "$(BUILT_PRODUCTS_DIR)/HHKBAssistant.app/Contents/MacOS/HHKBAssistant";
				COMBINE_HIDPI_IMAGES = YES;
				FRAMEWORK_SEARCH_PATHS = (
					"$(DEVELOPER_FRAMEWORKS_DIR)",
					"$(inherited)",
				);
				GCC_PRECOMPILE_PREFIX_HEADER = YES;
				GCC_PREFIX_HEADER = "HHKBAssistant/HHKBAssistant-Prefix.pch";
				INFOPLIST_FILE = "HHKBAssistantTests/HHKBAssistantTests-Info.plist";
				PRODUCT_NAME = "$(TARGET_NAME)";
				TEST_HOST = "$(BUNDLE_LOADER)";
				WRAPPER_EXTENSION = xctest;
			};
			name = Release;
		};
/* End XCBuildConfiguration section */

/* Begin XCConfigurationList section */
		00EAB1C81915E1AC0028212D /* Build configuration list for PBXProject "HHKBAssistant" */ = {
			isa = XCConfigurationList;
			buildConfigurations = (
				00EAB1FC1915E1AC0028212D /* Debug */,
				00EAB1FD1915E1AC0028212D /* Release */,
			);
			defaultConfigurationIsVisible = 0;
			defaultConfigurationName = Release;
		};
		00EAB1FE1915E1AC0028212D /* Build configuration list for PBXNativeTarget "HHKBAssistant" */ = {
			isa = XCConfigurationList;
			buildConfigurations = (
				00EAB1FF1915E1AC0028212D /* Debug */,
				00EAB2001915E1AC0028212D /* Release */,
			);
			defaultConfigurationIsVisible = 0;
		};
		00EAB2011915E1AC0028212D /* Build configuration list for PBXNativeTarget "HHKBAssistantTests" */ = {
			isa = XCConfigurationList;
			buildConfigurations = (
				00EAB2021915E1AC0028212D /* Debug */,
				00EAB2031915E1AC0028212D /* Release */,
			);
			defaultConfigurationIsVisible = 0;
		};
/* End XCConfigurationList section */
	};
	rootObject = 00EAB1C51915E1AC0028212D /* Project object */;
}
