// !$*UTF8*$!
{
	archiveVersion = 1;
	classes = {
	};
	objectVersion = 46;
	objects = {

/* Begin PBXBuildFile section */
		00EAB1D11915E1AC0028212D /* Cocoa.framework in Frameworks */ = {isa = PBXBuildFile; fileRef = 00EAB1D01915E1AC0028212D /* Cocoa.framework */; };
		00EAB1DB1915E1AC0028212D /* InfoPlist.strings in Resources */ = {isa = PBXBuildFile; fileRef = 00EAB1D91915E1AC0028212D /* InfoPlist.strings */; };
		00EAB1DD1915E1AC0028212D /* main.m in Sources */ = {isa = PBXBuildFile; fileRef = 00EAB1DC1915E1AC0028212D /* main.m */; };
		00EAB1E11915E1AC0028212D /* Credits.rtf in Resources */ = {isa = PBXBuildFile; fileRef = 00EAB1DF1915E1AC0028212D /* Credits.rtf */; };
		00EAB1E41915E1AC0028212D /* AppDelegate.m in Sources */ = {isa = PBXBuildFile; fileRef = 00EAB1E31915E1AC0028212D /* AppDelegate.m */; };
		00EAB1E71915E1AC0028212D /* MainMenu.xib in Resources */ = {isa = PBXBuildFile; fileRef = 00EAB1E51915E1AC0028212D /* MainMenu.xib */; };
		00EAB1E91915E1AC0028212D /* Images.xcassets in Resources */ = {isa = PBXBuildFile; fileRef = 00EAB1E81915E1AC0028212D /* Images.xcassets */; };
		00EAB2051915E3990028212D /* Security.framework in Frameworks */ = {isa = PBXBuildFile; fileRef = 00EAB2041915E3990028212D /* Security.framework */; };
		00EAB2071915E3A40028212D /* ServiceManagement.framework in Frameworks */ = {isa = PBXBuildFile; fileRef = 00EAB2061915E3A40028212D /* ServiceManagement.framework */; };
		00EAB2091915E3AA0028212D /* IOKit.framework in Frameworks */ = {isa = PBXBuildFile; fileRef = 00EAB2081915E3AA0028212D /* IOKit.framework */; };
		00EAB20B1915E3B00028212D /* CoreFoundation.framework in Frameworks */ = {isa = PBXBuildFile; fileRef = 00EAB20A1915E3B00028212D /* CoreFoundation.framework */; };
		00EAB2121915E3E30028212D /* icon_128x128.png in Resources */ = {isa = PBXBuildFile; fileRef = 00EAB20D1915E3E30028212D /* icon_128x128.png */; };
		00EAB2131915E3E30028212D /* icon_16x16.png in Resources */ = {isa = PBXBuildFile; fileRef = 00EAB20E1915E3E30028212D /* icon_16x16.png */; };
		00EAB2141915E3E30028212D /* icon_32x32.png in Resources */ = {isa = PBXBuildFile; fileRef = 00EAB20F1915E3E30028212D /* icon_32x32.png */; };
		00EAB2151915E3E30028212D /* icon_48x48.png in Resources */ = {isa = PBXBuildFile; fileRef = 00EAB2101915E3E30028212D /* icon_48x48.png */; };
		00EAB2161915E3E30028212D /* icon_64x64.png in Resources */ = {isa = PBXBuildFile; fileRef = 00EAB2111915E3E30028212D /* icon_64x64.png */; };
		00EAB31119169EBC0028212D /* USBDeviceManager.m in Sources */ = {isa = PBXBuildFile; fileRef = 00EAB31019169EBC0028212D /* USBDeviceManager.m */; };
		00EAB313191714250028212D /* preferences.plist in Resources */ = {isa = PBXBuildFile; fileRef = 00EAB312191714250028212D /* preferences.plist */; };
		00EAB3161917153E0028212D /* PreferenceUtil.m in Sources */ = {isa = PBXBuildFile; fileRef = 00EAB3151917153E0028212D /* PreferenceUtil.m */; };
		00EAB31F191774220028212D /* prefpane.xib in Resources */ = {isa = PBXBuildFile; fileRef = 00EAB31E191774220028212D /* prefpane.xib */; };
		00EAB322191776140028212D /* PreferencePaneWindowController.m in Sources */ = {isa = PBXBuildFile; fileRef = 00EAB321191776140028212D /* PreferencePaneWindowController.m */; };
/* End PBXBuildFile section */

/* Begin PBXFileReference section */
		00EAB1CD1915E1AC0028212D /* HHKBAssistant.app */ = {isa = PBXFileReference; explicitFileType = wrapper.application; includeInIndex = 0; path = HHKBAssistant.app; sourceTree = BUILT_PRODUCTS_DIR; };
		00EAB1D01915E1AC0028212D /* Cocoa.framework */ = {isa = PBXFileReference; lastKnownFileType = wrapper.framework; name = Cocoa.framework; path = System/Library/Frameworks/Cocoa.framework; sourceTree = SDKROOT; };
		00EAB1D31915E1AC0028212D /* AppKit.framework */ = {isa = PBXFileReference; lastKnownFileType = wrapper.framework; name = AppKit.framework; path = System/Library/Frameworks/AppKit.framework; sourceTree = SDKROOT; };
		00EAB1D41915E1AC0028212D /* CoreData.framework */ = {isa = PBXFileReference; lastKnownFileType = wrapper.framework; name = CoreData.framework; path = System/Library/Frameworks/CoreData.framework; sourceTree = SDKROOT; };
		00EAB1D51915E1AC0028212D /* Foundation.framework */ = {isa = PBXFileReference; lastKnownFileType = wrapper.framework; name = Foundation.framework; path = System/Library/Frameworks/Foundation.framework; sourceTree = SDKROOT; };
		00EAB1D81915E1AC0028212D /* HHKBAssistant-Info.plist */ = {isa = PBXFileReference; lastKnownFileType = text.plist.xml; path = "HHKBAssistant-Info.plist"; sourceTree = "<group>"; };
		00EAB1DA1915E1AC0028212D /* en */ = {isa = PBXFileReference; lastKnownFileType = text.plist.strings; name = en; path = en.lproj/InfoPlist.strings; sourceTree = "<group>"; };
		00EAB1DC1915E1AC0028212D /* main.m */ = {isa = PBXFileReference; lastKnownFileType = sourcecode.c.objc; path = main.m; sourceTree = "<group>"; };
		00EAB1DE1915E1AC0028212D /* HHKBAssistant-Prefix.pch */ = {isa = PBXFileReference; lastKnownFileType = sourcecode.c.h; path = "HHKBAssistant-Prefix.pch"; sourceTree = "<group>"; };
		00EAB1E01915E1AC0028212D /* en */ = {isa = PBXFileReference; lastKnownFileType = text.rtf; name = en; path = en.lproj/Credits.rtf; sourceTree = "<group>"; };
		00EAB1E21915E1AC0028212D /* AppDelegate.h */ = {isa = PBXFileReference; lastKnownFileType = sourcecode.c.h; path = AppDelegate.h; sourceTree = "<group>"; };
		00EAB1E31915E1AC0028212D /* AppDelegate.m */ = {isa = PBXFileReference; lastKnownFileType = sourcecode.c.objc; path = AppDelegate.m; sourceTree = "<group>"; };
		00EAB1E61915E1AC0028212D /* Base */ = {isa = PBXFileReference; lastKnownFileType = file.xib; name = Base; path = Base.lproj/MainMenu.xib; sourceTree = "<group>"; };
		00EAB1E81915E1AC0028212D /* Images.xcassets */ = {isa = PBXFileReference; lastKnownFileType = folder.assetcatalog; path = Images.xcassets; sourceTree = "<group>"; };
		00EAB1EF1915E1AC0028212D /* XCTest.framework */ = {isa = PBXFileReference; lastKnownFileType = wrapper.framework; name = XCTest.framework; path = Library/Frameworks/XCTest.framework; sourceTree = DEVELOPER_DIR; };
		00EAB2041915E3990028212D /* Security.framework */ = {isa = PBXFileReference; lastKnownFileType = wrapper.framework; name = Security.framework; path = System/Library/Frameworks/Security.framework; sourceTree = SDKROOT; };
		00EAB2061915E3A40028212D /* ServiceManagement.framework */ = {isa = PBXFileReference; lastKnownFileType = wrapper.framework; name = ServiceManagement.framework; path = System/Library/Frameworks/ServiceManagement.framework; sourceTree = SDKROOT; };
		00EAB2081915E3AA0028212D /* IOKit.framework */ = {isa = PBXFileReference; lastKnownFileType = wrapper.framework; name = IOKit.framework; path = System/Library/Frameworks/IOKit.framework; sourceTree = SDKROOT; };
		00EAB20A1915E3B00028212D /* CoreFoundation.framework */ = {isa = PBXFileReference; lastKnownFileType = wrapper.framework; name = CoreFoundation.framework; path = System/Library/Frameworks/CoreFoundation.framework; sourceTree = SDKROOT; };
		00EAB20D1915E3E30028212D /* icon_128x128.png */ = {isa = PBXFileReference; lastKnownFileType = image.png; path = icon_128x128.png; sourceTree = "<group>"; };
		00EAB20E1915E3E30028212D /* icon_16x16.png */ = {isa = PBXFileReference; lastKnownFileType = image.png; path = icon_16x16.png; sourceTree = "<group>"; };
		00EAB20F1915E3E30028212D /* icon_32x32.png */ = {isa = PBXFileReference; lastKnownFileType = image.png; path = icon_32x32.png; sourceTree = "<group>"; };
		00EAB2101915E3E30028212D /* icon_48x48.png */ = {isa = PBXFileReference; lastKnownFileType = image.png; path = icon_48x48.png; sourceTree = "<group>"; };
		00EAB2111915E3E30028212D /* icon_64x64.png */ = {isa = PBXFileReference; lastKnownFileType = image.png; path = icon_64x64.png; sourceTree = "<group>"; };
		00EAB30F19169EBC0028212D /* USBDeviceManager.h */ = {isa = PBXFileReference; fileEncoding = 4; lastKnownFileType = sourcecode.c.h; path = USBDeviceManager.h; sourceTree = "<group>"; };
		00EAB31019169EBC0028212D /* USBDeviceManager.m */ = {isa = PBXFileReference; fileEncoding = 4; lastKnownFileType = sourcecode.c.objc; path = USBDeviceManager.m; sourceTree = "<group>"; };
		00EAB312191714250028212D /* preferences.plist */ = {isa = PBXFileReference; fileEncoding = 4; lastKnownFileType = text.plist.xml; path = preferences.plist; sourceTree = "<group>"; };
		00EAB3141917153E0028212D /* PreferenceUtil.h */ = {isa = PBXFileReference; fileEncoding = 4; lastKnownFileType = sourcecode.c.h; path = PreferenceUtil.h; sourceTree = "<group>"; };
		00EAB3151917153E0028212D /* PreferenceUtil.m */ = {isa = PBXFileReference; fileEncoding = 4; lastKnownFileType = sourcecode.c.objc; path = PreferenceUtil.m; sourceTree = "<group>"; };
		00EAB31E191774220028212D /* prefpane.xib */ = {isa = PBXFileReference; fileEncoding = 4; lastKnownFileType = file.xib; path = prefpane.xib; sourceTree = "<group>"; };
		00EAB320191776140028212D /* PreferencePaneWindowController.h */ = {isa = PBXFileReference; fileEncoding = 4; lastKnownFileType = sourcecode.c.h; path = PreferencePaneWindowController.h; sourceTree = "<group>"; };
		00EAB321191776140028212D /* PreferencePaneWindowController.m */ = {isa = PBXFileReference; fileEncoding = 4; lastKnownFileType = sourcecode.c.objc; path = PreferencePaneWindowController.m; sourceTree = "<group>"; };
/* End PBXFileReference section */

/* Begin PBXFrameworksBuildPhase section */
		00EAB1CA1915E1AC0028212D /* Frameworks */ = {
			isa = PBXFrameworksBuildPhase;
			buildActionMask = 2147483647;
			files = (
				00EAB20B1915E3B00028212D /* CoreFoundation.framework in Frameworks */,
				00EAB2091915E3AA0028212D /* IOKit.framework in Frameworks */,
				00EAB2071915E3A40028212D /* ServiceManagement.framework in Frameworks */,
				00EAB2051915E3990028212D /* Security.framework in Frameworks */,
				00EAB1D11915E1AC0028212D /* Cocoa.framework in Frameworks */,
			);
			runOnlyForDeploymentPostprocessing = 0;
		};
/* End PBXFrameworksBuildPhase section */

/* Begin PBXGroup section */
		00EAB1C41915E1AC0028212D = {
			isa = PBXGroup;
			children = (
				00EAB1D61915E1AC0028212D /* HHKBAssistant */,
				00EAB1CF1915E1AC0028212D /* Frameworks */,
				00EAB1CE1915E1AC0028212D /* Products */,
			);
			sourceTree = "<group>";
		};
		00EAB1CE1915E1AC0028212D /* Products */ = {
			isa = PBXGroup;
			children = (
				00EAB1CD1915E1AC0028212D /* HHKBAssistant.app */,
			);
			name = Products;
			sourceTree = "<group>";
		};
		00EAB1CF1915E1AC0028212D /* Frameworks */ = {
			isa = PBXGroup;
			children = (
				00EAB20A1915E3B00028212D /* CoreFoundation.framework */,
				00EAB2081915E3AA0028212D /* IOKit.framework */,
				00EAB2061915E3A40028212D /* ServiceManagement.framework */,
				00EAB2041915E3990028212D /* Security.framework */,
				00EAB1D01915E1AC0028212D /* Cocoa.framework */,
				00EAB1EF1915E1AC0028212D /* XCTest.framework */,
				00EAB1D21915E1AC0028212D /* Other Frameworks */,
			);
			name = Frameworks;
			sourceTree = "<group>";
		};
		00EAB1D21915E1AC0028212D /* Other Frameworks */ = {
			isa = PBXGroup;
			children = (
				00EAB1D31915E1AC0028212D /* AppKit.framework */,
				00EAB1D41915E1AC0028212D /* CoreData.framework */,
				00EAB1D51915E1AC0028212D /* Foundation.framework */,
			);
			name = "Other Frameworks";
			sourceTree = "<group>";
		};
		00EAB1D61915E1AC0028212D /* HHKBAssistant */ = {
			isa = PBXGroup;
			children = (
				00EAB20C1915E3E30028212D /* Resources */,
				00EAB1E21915E1AC0028212D /* AppDelegate.h */,
				00EAB1E31915E1AC0028212D /* AppDelegate.m */,
				00EAB1E51915E1AC0028212D /* MainMenu.xib */,
				00EAB1E81915E1AC0028212D /* Images.xcassets */,
				00EAB1D71915E1AC0028212D /* Supporting Files */,
				00EAB30F19169EBC0028212D /* USBDeviceManager.h */,
				00EAB31019169EBC0028212D /* USBDeviceManager.m */,
				00EAB312191714250028212D /* preferences.plist */,
				00EAB3141917153E0028212D /* PreferenceUtil.h */,
				00EAB3151917153E0028212D /* PreferenceUtil.m */,
				00EAB320191776140028212D /* PreferencePaneWindowController.h */,
				00EAB321191776140028212D /* PreferencePaneWindowController.m */,
			);
			path = HHKBAssistant;
			sourceTree = "<group>";
		};
		00EAB1D71915E1AC0028212D /* Supporting Files */ = {
			isa = PBXGroup;
			children = (
				00EAB1D81915E1AC0028212D /* HHKBAssistant-Info.plist */,
				00EAB1D91915E1AC0028212D /* InfoPlist.strings */,
				00EAB1DC1915E1AC0028212D /* main.m */,
				00EAB1DE1915E1AC0028212D /* HHKBAssistant-Prefix.pch */,
				00EAB1DF1915E1AC0028212D /* Credits.rtf */,
			);
			name = "Supporting Files";
			sourceTree = "<group>";
		};
		00EAB20C1915E3E30028212D /* Resources */ = {
			isa = PBXGroup;
			children = (
				00EAB20D1915E3E30028212D /* icon_128x128.png */,
				00EAB20E1915E3E30028212D /* icon_16x16.png */,
				00EAB20F1915E3E30028212D /* icon_32x32.png */,
				00EAB2101915E3E30028212D /* icon_48x48.png */,
				00EAB2111915E3E30028212D /* icon_64x64.png */,
				00EAB31E191774220028212D /* prefpane.xib */,
			);
			path = Resources;
			sourceTree = "<group>";
		};
/* End PBXGroup section */

/* Begin PBXNativeTarget section */
		00EAB1CC1915E1AC0028212D /* HHKBAssistant */ = {
			isa = PBXNativeTarget;
			buildConfigurationList = 00EAB1FE1915E1AC0028212D /* Build configuration list for PBXNativeTarget "HHKBAssistant" */;
			buildPhases = (
				00EAB1C91915E1AC0028212D /* Sources */,
				00EAB1CA1915E1AC0028212D /* Frameworks */,
				00EAB1CB1915E1AC0028212D /* Resources */,
			);
			buildRules = (
			);
			dependencies = (
			);
			name = HHKBAssistant;
			productName = HHKBAssistant;
			productReference = 00EAB1CD1915E1AC0028212D /* HHKBAssistant.app */;
			productType = "com.apple.product-type.application";
		};
/* End PBXNativeTarget section */

/* Begin PBXProject section */
		00EAB1C51915E1AC0028212D /* Project object */ = {
			isa = PBXProject;
			attributes = {
				LastUpgradeCheck = 0510;
				ORGANIZATIONNAME = hanks;
			};
			buildConfigurationList = 00EAB1C81915E1AC0028212D /* Build configuration list for PBXProject "HHKBAssistant" */;
			compatibilityVersion = "Xcode 3.2";
			developmentRegion = English;
			hasScannedForEncodings = 0;
			knownRegions = (
				en,
				Base,
			);
			mainGroup = 00EAB1C41915E1AC0028212D;
			productRefGroup = 00EAB1CE1915E1AC0028212D /* Products */;
			projectDirPath = "";
			projectRoot = "";
			targets = (
				00EAB1CC1915E1AC0028212D /* HHKBAssistant */,
			);
		};
/* End PBXProject section */

/* Begin PBXResourcesBuildPhase section */
		00EAB1CB1915E1AC0028212D /* Resources */ = {
			isa = PBXResourcesBuildPhase;
			buildActionMask = 2147483647;
			files = (
				00EAB2161915E3E30028212D /* icon_64x64.png in Resources */,
				00EAB1DB1915E1AC0028212D /* InfoPlist.strings in Resources */,
				00EAB31F191774220028212D /* prefpane.xib in Resources */,
				00EAB2151915E3E30028212D /* icon_48x48.png in Resources */,
				00EAB1E91915E1AC0028212D /* Images.xcassets in Resources */,
				00EAB2121915E3E30028212D /* icon_128x128.png in Resources */,
				00EAB2131915E3E30028212D /* icon_16x16.png in Resources */,
				00EAB1E11915E1AC0028212D /* Credits.rtf in Resources */,
				00EAB313191714250028212D /* preferences.plist in Resources */,
				00EAB2141915E3E30028212D /* icon_32x32.png in Resources */,
				00EAB1E71915E1AC0028212D /* MainMenu.xib in Resources */,
			);
			runOnlyForDeploymentPostprocessing = 0;
		};
/* End PBXResourcesBuildPhase section */

/* Begin PBXSourcesBuildPhase section */
		00EAB1C91915E1AC0028212D /* Sources */ = {
			isa = PBXSourcesBuildPhase;
			buildActionMask = 2147483647;
			files = (
				00EAB3161917153E0028212D /* PreferenceUtil.m in Sources */,
				00EAB1E41915E1AC0028212D /* AppDelegate.m in Sources */,
				00EAB322191776140028212D /* PreferencePaneWindowController.m in Sources */,
				00EAB31119169EBC0028212D /* USBDeviceManager.m in Sources */,
				00EAB1DD1915E1AC0028212D /* main.m in Sources */,
			);
			runOnlyForDeploymentPostprocessing = 0;
		};
/* End PBXSourcesBuildPhase section */

/* Begin PBXVariantGroup section */
		00EAB1D91915E1AC0028212D /* InfoPlist.strings */ = {
			isa = PBXVariantGroup;
			children = (
				00EAB1DA1915E1AC0028212D /* en */,
			);
			name = InfoPlist.strings;
			sourceTree = "<group>";
		};
		00EAB1DF1915E1AC0028212D /* Credits.rtf */ = {
			isa = PBXVariantGroup;
			children = (
				00EAB1E01915E1AC0028212D /* en */,
			);
			name = Credits.rtf;
			sourceTree = "<group>";
		};
		00EAB1E51915E1AC0028212D /* MainMenu.xib */ = {
			isa = PBXVariantGroup;
			children = (
				00EAB1E61915E1AC0028212D /* Base */,
			);
			name = MainMenu.xib;
			sourceTree = "<group>";
		};
/* End PBXVariantGroup section */

/* Begin XCBuildConfiguration section */
		00EAB1FC1915E1AC0028212D /* Debug */ = {
			isa = XCBuildConfiguration;
			buildSettings = {
				ALWAYS_SEARCH_USER_PATHS = NO;
				CLANG_CXX_LANGUAGE_STANDARD = "gnu++0x";
				CLANG_CXX_LIBRARY = "libc++";
				CLANG_ENABLE_MODULES = YES;
				CLANG_ENABLE_OBJC_ARC = YES;
				CLANG_WARN_BOOL_CONVERSION = YES;
				CLANG_WARN_CONSTANT_CONVERSION = YES;
				CLANG_WARN_DIRECT_OBJC_ISA_USAGE = YES_ERROR;
				CLANG_WARN_EMPTY_BODY = YES;
				CLANG_WARN_ENUM_CONVERSION = YES;
				CLANG_WARN_INT_CONVERSION = YES;
				CLANG_WARN_OBJC_ROOT_CLASS = YES_ERROR;
				CLANG_WARN__DUPLICATE_METHOD_MATCH = YES;
				COPY_PHASE_STRIP = NO;
				GCC_C_LANGUAGE_STANDARD = gnu99;
				GCC_DYNAMIC_NO_PIC = NO;
				GCC_ENABLE_OBJC_EXCEPTIONS = YES;
				GCC_OPTIMIZATION_LEVEL = 0;
				GCC_PREPROCESSOR_DEFINITIONS = (
					"DEBUG=1",
					"$(inherited)",
				);
				GCC_SYMBOLS_PRIVATE_EXTERN = NO;
				GCC_WARN_64_TO_32_BIT_CONVERSION = YES;
				GCC_WARN_ABOUT_RETURN_TYPE = YES_ERROR;
				GCC_WARN_UNDECLARED_SELECTOR = YES;
				GCC_WARN_UNINITIALIZED_AUTOS = YES_AGGRESSIVE;
				GCC_WARN_UNUSED_FUNCTION = YES;
				GCC_WARN_UNUSED_VARIABLE = YES;
				MACOSX_DEPLOYMENT_TARGET = 10.8;
				ONLY_ACTIVE_ARCH = YES;
				SDKROOT = macosx;
			};
			name = Debug;
		};
		00EAB1FD1915E1AC0028212D /* Release */ = {
			isa = XCBuildConfiguration;
			buildSettings = {
				ALWAYS_SEARCH_USER_PATHS = NO;
				CLANG_CXX_LANGUAGE_STANDARD = "gnu++0x";
				CLANG_CXX_LIBRARY = "libc++";
				CLANG_ENABLE_MODULES = YES;
				CLANG_ENABLE_OBJC_ARC = YES;
				CLANG_WARN_BOOL_CONVERSION = YES;
				CLANG_WARN_CONSTANT_CONVERSION = YES;
				CLANG_WARN_DIRECT_OBJC_ISA_USAGE = YES_ERROR;
				CLANG_WARN_EMPTY_BODY = YES;
				CLANG_WARN_ENUM_CONVERSION = YES;
				CLANG_WARN_INT_CONVERSION = YES;
				CLANG_WARN_OBJC_ROOT_CLASS = YES_ERROR;
				CLANG_WARN__DUPLICATE_METHOD_MATCH = YES;
				COPY_PHASE_STRIP = YES;
				DEBUG_INFORMATION_FORMAT = "dwarf-with-dsym";
				ENABLE_NS_ASSERTIONS = NO;
				GCC_C_LANGUAGE_STANDARD = gnu99;
				GCC_ENABLE_OBJC_EXCEPTIONS = YES;
				GCC_WARN_64_TO_32_BIT_CONVERSION = YES;
				GCC_WARN_ABOUT_RETURN_TYPE = YES_ERROR;
				GCC_WARN_UNDECLARED_SELECTOR = YES;
				GCC_WARN_UNINITIALIZED_AUTOS = YES_AGGRESSIVE;
				GCC_WARN_UNUSED_FUNCTION = YES;
				GCC_WARN_UNUSED_VARIABLE = YES;
				MACOSX_DEPLOYMENT_TARGET = 10.8;
				SDKROOT = macosx;
			};
			name = Release;
		};
		00EAB1FF1915E1AC0028212D /* Debug */ = {
			isa = XCBuildConfiguration;
			buildSettings = {
				ASSETCATALOG_COMPILER_APPICON_NAME = AppIcon;
				COMBINE_HIDPI_IMAGES = YES;
				GCC_PRECOMPILE_PREFIX_HEADER = YES;
				GCC_PREFIX_HEADER = "HHKBAssistant/HHKBAssistant-Prefix.pch";
				INFOPLIST_FILE = "HHKBAssistant/HHKBAssistant-Info.plist";
				PRODUCT_NAME = "$(TARGET_NAME)";
				WRAPPER_EXTENSION = app;
			};
			name = Debug;
		};
		00EAB2001915E1AC0028212D /* Release */ = {
			isa = XCBuildConfiguration;
			buildSettings = {
				ASSETCATALOG_COMPILER_APPICON_NAME = AppIcon;
				COMBINE_HIDPI_IMAGES = YES;
				GCC_PRECOMPILE_PREFIX_HEADER = YES;
				GCC_PREFIX_HEADER = "HHKBAssistant/HHKBAssistant-Prefix.pch";
				INFOPLIST_FILE = "HHKBAssistant/HHKBAssistant-Info.plist";
				PRODUCT_NAME = "$(TARGET_NAME)";
				WRAPPER_EXTENSION = app;
			};
			name = Release;
		};
/* End XCBuildConfiguration section */

/* Begin XCConfigurationList section */
		00EAB1C81915E1AC0028212D /* Build configuration list for PBXProject "HHKBAssistant" */ = {
			isa = XCConfigurationList;
			buildConfigurations = (
				00EAB1FC1915E1AC0028212D /* Debug */,
				00EAB1FD1915E1AC0028212D /* Release */,
			);
			defaultConfigurationIsVisible = 0;
			defaultConfigurationName = Release;
		};
		00EAB1FE1915E1AC0028212D /* Build configuration list for PBXNativeTarget "HHKBAssistant" */ = {
			isa = XCConfigurationList;
			buildConfigurations = (
				00EAB1FF1915E1AC0028212D /* Debug */,
				00EAB2001915E1AC0028212D /* Release */,
			);
			defaultConfigurationIsVisible = 0;
		};
/* End XCConfigurationList section */
	};
	rootObject = 00EAB1C51915E1AC0028212D /* Project object */;
}
